// !$*UTF8*$!
{
	archiveVersion = 1;
	classes = {
	};
	objectVersion = 55;
	objects = {

/* Begin PBXBuildFile section */
		8B0AE9E32898390C00275A30 /* Blur.swift in Sources */ = {isa = PBXBuildFile; fileRef = 8B0AE9E22898390C00275A30 /* Blur.swift */; };
		8B0AE9E528984AFA00275A30 /* MultifactorView.swift in Sources */ = {isa = PBXBuildFile; fileRef = 8B0AE9E428984AFA00275A30 /* MultifactorView.swift */; };
		8B0AE9E72898A8B300275A30 /* ShopBottomBarView.swift in Sources */ = {isa = PBXBuildFile; fileRef = 8B0AE9E62898A8B300275A30 /* ShopBottomBarView.swift */; };
		8B0AE9EA28998E4200275A30 /* AccountView.swift in Sources */ = {isa = PBXBuildFile; fileRef = 8B0AE9E928998E4200275A30 /* AccountView.swift */; };
		8B0AE9EC28998E7600275A30 /* SupportView.swift in Sources */ = {isa = PBXBuildFile; fileRef = 8B0AE9EB28998E7600275A30 /* SupportView.swift */; };
		8B0AE9EE28998E9400275A30 /* CommunityView.swift in Sources */ = {isa = PBXBuildFile; fileRef = 8B0AE9ED28998E9400275A30 /* CommunityView.swift */; };
		8B0AE9F028998EAC00275A30 /* HelpView.swift in Sources */ = {isa = PBXBuildFile; fileRef = 8B0AE9EF28998EAC00275A30 /* HelpView.swift */; };
		8B0AE9F228998EC600275A30 /* AcknowledgementsView.swift in Sources */ = {isa = PBXBuildFile; fileRef = 8B0AE9F128998EC600275A30 /* AcknowledgementsView.swift */; };
		8B280797289B4544004A3720 /* SplashScreenView.swift in Sources */ = {isa = PBXBuildFile; fileRef = 8B280796289B4544004A3720 /* SplashScreenView.swift */; };
		8B29E1EF2881C87D0081F69A /* ValorantStoreCheckerApp.swift in Sources */ = {isa = PBXBuildFile; fileRef = 8B29E1EE2881C87D0081F69A /* ValorantStoreCheckerApp.swift */; };
		8B29E1F12881C87D0081F69A /* LaunchView.swift in Sources */ = {isa = PBXBuildFile; fileRef = 8B29E1F02881C87D0081F69A /* LaunchView.swift */; };
		8B29E1F32881C8800081F69A /* Assets.xcassets in Resources */ = {isa = PBXBuildFile; fileRef = 8B29E1F22881C8800081F69A /* Assets.xcassets */; };
		8B29E1F62881C8800081F69A /* Preview Assets.xcassets in Resources */ = {isa = PBXBuildFile; fileRef = 8B29E1F52881C8800081F69A /* Preview Assets.xcassets */; };
		8B29E2002881CA000081F69A /* SkinModel.swift in Sources */ = {isa = PBXBuildFile; fileRef = 8B29E1FF2881CA000081F69A /* SkinModel.swift */; };
		8B29E2032881CAEC0081F69A /* LoginView.swift in Sources */ = {isa = PBXBuildFile; fileRef = 8B29E2022881CAEC0081F69A /* LoginView.swift */; };
		8B29E2082881CCD10081F69A /* RectangleView.swift in Sources */ = {isa = PBXBuildFile; fileRef = 8B29E2072881CCD10081F69A /* RectangleView.swift */; };
		8B29E20C2881D6D30081F69A /* CircleView.swift in Sources */ = {isa = PBXBuildFile; fileRef = 8B29E20B2881D6D30081F69A /* CircleView.swift */; };
		8B33A5BF2884687C00BCB1F2 /* SkinCardDetailView.swift in Sources */ = {isa = PBXBuildFile; fileRef = 8B33A5BE2884687C00BCB1F2 /* SkinCardDetailView.swift */; };
		8B3651542891DCCA00FE762E /* RegionSelectorView.swift in Sources */ = {isa = PBXBuildFile; fileRef = 8B3651532891DCCA00FE762E /* RegionSelectorView.swift */; };
		8B3685CE2894F3F8000BB3CF /* StorePrice.json in Resources */ = {isa = PBXBuildFile; fileRef = 8B3685CD2894F3F8000BB3CF /* StorePrice.json */; };
		8B3685D02895BBD3000BB3CF /* LoginBoxView.swift in Sources */ = {isa = PBXBuildFile; fileRef = 8B3685CF2895BBD3000BB3CF /* LoginBoxView.swift */; };
		8B3685D22895D2D5000BB3CF /* ShopTopBarView.swift in Sources */ = {isa = PBXBuildFile; fileRef = 8B3685D12895D2D5000BB3CF /* ShopTopBarView.swift */; };
		8B3685D42895D576000BB3CF /* PullToRefreshView.swift in Sources */ = {isa = PBXBuildFile; fileRef = 8B3685D32895D576000BB3CF /* PullToRefreshView.swift */; };
		8B4200882899E620000D7FC2 /* TermsView.swift in Sources */ = {isa = PBXBuildFile; fileRef = 8B4200872899E620000D7FC2 /* TermsView.swift */; };
		8B42008A2899E977000D7FC2 /* CopyrightView.swift in Sources */ = {isa = PBXBuildFile; fileRef = 8B4200892899E977000D7FC2 /* CopyrightView.swift */; };
		8B62AFCF2883A0FD0070173F /* ShopView.swift in Sources */ = {isa = PBXBuildFile; fileRef = 8B62AFCE2883A0FD0070173F /* ShopView.swift */; };
		8B62AFD12883A1230070173F /* SkinCardView.swift in Sources */ = {isa = PBXBuildFile; fileRef = 8B62AFD02883A1230070173F /* SkinCardView.swift */; };
		8B62AFD72883B4E10070173F /* HomeView.swift in Sources */ = {isa = PBXBuildFile; fileRef = 8B62AFD62883B4E10070173F /* HomeView.swift */; };
		8B62AFDA2883B53B0070173F /* AboutView.swift in Sources */ = {isa = PBXBuildFile; fileRef = 8B62AFD92883B53B0070173F /* AboutView.swift */; };
		8B65F843288C9D94004282DD /* AZVideoPlayer in Frameworks */ = {isa = PBXBuildFile; productRef = 8B65F842288C9D94004282DD /* AZVideoPlayer */; };
		8B65F84A288CA608004282DD /* PriceTierView.swift in Sources */ = {isa = PBXBuildFile; fileRef = 8B65F849288CA608004282DD /* PriceTierView.swift */; };
		8B65F850288CCFF0004282DD /* PriceTier.swift in Sources */ = {isa = PBXBuildFile; fileRef = 8B65F84F288CCFF0004282DD /* PriceTier.swift */; };
		8B682C802890C176003A3B9C /* Authentication.swift in Sources */ = {isa = PBXBuildFile; fileRef = 8B682C7F2890C176003A3B9C /* Authentication.swift */; };
		8B682C822890C2BE003A3B9C /* Error.swift in Sources */ = {isa = PBXBuildFile; fileRef = 8B682C812890C2BE003A3B9C /* Error.swift */; };
		8B9A83752885A426009CE268 /* SkinListView.swift in Sources */ = {isa = PBXBuildFile; fileRef = 8B9A83742885A426009CE268 /* SkinListView.swift */; };
		8B9A838128861097009CE268 /* Logo.swift in Sources */ = {isa = PBXBuildFile; fileRef = 8B9A838028861097009CE268 /* Logo.swift */; };
		8B9A8385288612DD009CE268 /* SelectEditionView.swift in Sources */ = {isa = PBXBuildFile; fileRef = 8B9A8384288612DD009CE268 /* SelectEditionView.swift */; };
		8B9A838728861304009CE268 /* ExclusiveEditionView.swift in Sources */ = {isa = PBXBuildFile; fileRef = 8B9A838628861304009CE268 /* ExclusiveEditionView.swift */; };
		8B9A838B28861C5B009CE268 /* DeluxeEditionView.swift in Sources */ = {isa = PBXBuildFile; fileRef = 8B9A838A28861C5B009CE268 /* DeluxeEditionView.swift */; };
		8B9A838D28861C6E009CE268 /* PremiumEditionView.swift in Sources */ = {isa = PBXBuildFile; fileRef = 8B9A838C28861C6E009CE268 /* PremiumEditionView.swift */; };
		8B9A838F28861C78009CE268 /* UltraEditionView.swift in Sources */ = {isa = PBXBuildFile; fileRef = 8B9A838E28861C78009CE268 /* UltraEditionView.swift */; };
		8B9A8395288630F0009CE268 /* WishListView.swift in Sources */ = {isa = PBXBuildFile; fileRef = 8B9A8394288630F0009CE268 /* WishListView.swift */; };
		8BAB20BE2897616D0041A5BB /* Keychain in Frameworks */ = {isa = PBXBuildFile; productRef = 8BAB20BD2897616D0041A5BB /* Keychain */; };
		8BB00EC4288E3D41001AE90A /* WebService.swift in Sources */ = {isa = PBXBuildFile; fileRef = 8BB00EC3288E3D41001AE90A /* WebService.swift */; };
		8BB00EC7288E418E001AE90A /* AuthAPIModel.swift in Sources */ = {isa = PBXBuildFile; fileRef = 8BB00EC6288E418E001AE90A /* AuthAPIModel.swift */; };
		8BB00EC9288E4679001AE90A /* Store.swift in Sources */ = {isa = PBXBuildFile; fileRef = 8BB00EC8288E4679001AE90A /* Store.swift */; };
		8BE6111C28846E1700E8BDD6 /* AVKit.framework in Frameworks */ = {isa = PBXBuildFile; fileRef = 8BE6111B28846E1700E8BDD6 /* AVKit.framework */; };
		8BE6111E28847B0C00E8BDD6 /* SkinData.json in Resources */ = {isa = PBXBuildFile; fileRef = 8BE6111D28847B0C00E8BDD6 /* SkinData.json */; };
		8BE6112028847B9100E8BDD6 /* Skin.swift in Sources */ = {isa = PBXBuildFile; fileRef = 8BE6111F28847B9100E8BDD6 /* Skin.swift */; };
		8BF1DB482888B87F004491A1 /* Constants.swift in Sources */ = {isa = PBXBuildFile; fileRef = 8BF1DB472888B87F004491A1 /* Constants.swift */; };
		8BF4D7652885A298000404D8 /* SearchBar.swift in Sources */ = {isa = PBXBuildFile; fileRef = 8BF4D7642885A298000404D8 /* SearchBar.swift */; };
		F844AC7128A01BF10009C0C0 /* Localizable.strings in Resources */ = {isa = PBXBuildFile; fileRef = F844AC7328A01BF10009C0C0 /* Localizable.strings */; };
/* End PBXBuildFile section */

/* Begin PBXFileReference section */
		8B0AE9E22898390C00275A30 /* Blur.swift */ = {isa = PBXFileReference; lastKnownFileType = sourcecode.swift; path = Blur.swift; sourceTree = "<group>"; };
		8B0AE9E428984AFA00275A30 /* MultifactorView.swift */ = {isa = PBXFileReference; lastKnownFileType = sourcecode.swift; path = MultifactorView.swift; sourceTree = "<group>"; };
		8B0AE9E62898A8B300275A30 /* ShopBottomBarView.swift */ = {isa = PBXFileReference; lastKnownFileType = sourcecode.swift; path = ShopBottomBarView.swift; sourceTree = "<group>"; };
		8B0AE9E928998E4200275A30 /* AccountView.swift */ = {isa = PBXFileReference; lastKnownFileType = sourcecode.swift; path = AccountView.swift; sourceTree = "<group>"; };
		8B0AE9EB28998E7600275A30 /* SupportView.swift */ = {isa = PBXFileReference; lastKnownFileType = sourcecode.swift; path = SupportView.swift; sourceTree = "<group>"; };
		8B0AE9ED28998E9400275A30 /* CommunityView.swift */ = {isa = PBXFileReference; lastKnownFileType = sourcecode.swift; path = CommunityView.swift; sourceTree = "<group>"; };
		8B0AE9EF28998EAC00275A30 /* HelpView.swift */ = {isa = PBXFileReference; lastKnownFileType = sourcecode.swift; path = HelpView.swift; sourceTree = "<group>"; };
		8B0AE9F128998EC600275A30 /* AcknowledgementsView.swift */ = {isa = PBXFileReference; lastKnownFileType = sourcecode.swift; path = AcknowledgementsView.swift; sourceTree = "<group>"; };
		8B280796289B4544004A3720 /* SplashScreenView.swift */ = {isa = PBXFileReference; lastKnownFileType = sourcecode.swift; path = SplashScreenView.swift; sourceTree = "<group>"; };
		8B29E1EB2881C87D0081F69A /* ValorantStoreChecker.app */ = {isa = PBXFileReference; explicitFileType = wrapper.application; includeInIndex = 0; path = ValorantStoreChecker.app; sourceTree = BUILT_PRODUCTS_DIR; };
		8B29E1EE2881C87D0081F69A /* ValorantStoreCheckerApp.swift */ = {isa = PBXFileReference; lastKnownFileType = sourcecode.swift; path = ValorantStoreCheckerApp.swift; sourceTree = "<group>"; };
		8B29E1F02881C87D0081F69A /* LaunchView.swift */ = {isa = PBXFileReference; lastKnownFileType = sourcecode.swift; path = LaunchView.swift; sourceTree = "<group>"; };
		8B29E1F22881C8800081F69A /* Assets.xcassets */ = {isa = PBXFileReference; lastKnownFileType = folder.assetcatalog; path = Assets.xcassets; sourceTree = "<group>"; };
		8B29E1F52881C8800081F69A /* Preview Assets.xcassets */ = {isa = PBXFileReference; lastKnownFileType = folder.assetcatalog; path = "Preview Assets.xcassets"; sourceTree = "<group>"; };
		8B29E1FF2881CA000081F69A /* SkinModel.swift */ = {isa = PBXFileReference; lastKnownFileType = sourcecode.swift; path = SkinModel.swift; sourceTree = "<group>"; };
		8B29E2022881CAEC0081F69A /* LoginView.swift */ = {isa = PBXFileReference; lastKnownFileType = sourcecode.swift; path = LoginView.swift; sourceTree = "<group>"; };
		8B29E2072881CCD10081F69A /* RectangleView.swift */ = {isa = PBXFileReference; lastKnownFileType = sourcecode.swift; path = RectangleView.swift; sourceTree = "<group>"; };
		8B29E20B2881D6D30081F69A /* CircleView.swift */ = {isa = PBXFileReference; lastKnownFileType = sourcecode.swift; path = CircleView.swift; sourceTree = "<group>"; };
		8B33A5BE2884687C00BCB1F2 /* SkinCardDetailView.swift */ = {isa = PBXFileReference; lastKnownFileType = sourcecode.swift; path = SkinCardDetailView.swift; sourceTree = "<group>"; };
		8B3651532891DCCA00FE762E /* RegionSelectorView.swift */ = {isa = PBXFileReference; lastKnownFileType = sourcecode.swift; path = RegionSelectorView.swift; sourceTree = "<group>"; };
		8B3685CD2894F3F8000BB3CF /* StorePrice.json */ = {isa = PBXFileReference; lastKnownFileType = text.json; path = StorePrice.json; sourceTree = "<group>"; };
		8B3685CF2895BBD3000BB3CF /* LoginBoxView.swift */ = {isa = PBXFileReference; lastKnownFileType = sourcecode.swift; path = LoginBoxView.swift; sourceTree = "<group>"; };
		8B3685D12895D2D5000BB3CF /* ShopTopBarView.swift */ = {isa = PBXFileReference; lastKnownFileType = sourcecode.swift; path = ShopTopBarView.swift; sourceTree = "<group>"; };
		8B3685D32895D576000BB3CF /* PullToRefreshView.swift */ = {isa = PBXFileReference; lastKnownFileType = sourcecode.swift; path = PullToRefreshView.swift; sourceTree = "<group>"; };
		8B4200872899E620000D7FC2 /* TermsView.swift */ = {isa = PBXFileReference; lastKnownFileType = sourcecode.swift; path = TermsView.swift; sourceTree = "<group>"; };
		8B4200892899E977000D7FC2 /* CopyrightView.swift */ = {isa = PBXFileReference; lastKnownFileType = sourcecode.swift; path = CopyrightView.swift; sourceTree = "<group>"; };
		8B62AFCE2883A0FD0070173F /* ShopView.swift */ = {isa = PBXFileReference; lastKnownFileType = sourcecode.swift; path = ShopView.swift; sourceTree = "<group>"; };
		8B62AFD02883A1230070173F /* SkinCardView.swift */ = {isa = PBXFileReference; lastKnownFileType = sourcecode.swift; path = SkinCardView.swift; sourceTree = "<group>"; };
		8B62AFD62883B4E10070173F /* HomeView.swift */ = {isa = PBXFileReference; lastKnownFileType = sourcecode.swift; path = HomeView.swift; sourceTree = "<group>"; };
		8B62AFD92883B53B0070173F /* AboutView.swift */ = {isa = PBXFileReference; lastKnownFileType = sourcecode.swift; path = AboutView.swift; sourceTree = "<group>"; };
		8B65F849288CA608004282DD /* PriceTierView.swift */ = {isa = PBXFileReference; lastKnownFileType = sourcecode.swift; path = PriceTierView.swift; sourceTree = "<group>"; };
		8B65F84F288CCFF0004282DD /* PriceTier.swift */ = {isa = PBXFileReference; lastKnownFileType = sourcecode.swift; path = PriceTier.swift; sourceTree = "<group>"; };
		8B682C7F2890C176003A3B9C /* Authentication.swift */ = {isa = PBXFileReference; lastKnownFileType = sourcecode.swift; path = Authentication.swift; sourceTree = "<group>"; };
		8B682C812890C2BE003A3B9C /* Error.swift */ = {isa = PBXFileReference; lastKnownFileType = sourcecode.swift; path = Error.swift; sourceTree = "<group>"; };
		8B9A83742885A426009CE268 /* SkinListView.swift */ = {isa = PBXFileReference; lastKnownFileType = sourcecode.swift; path = SkinListView.swift; sourceTree = "<group>"; };
		8B9A838028861097009CE268 /* Logo.swift */ = {isa = PBXFileReference; lastKnownFileType = sourcecode.swift; path = Logo.swift; sourceTree = "<group>"; };
		8B9A8384288612DD009CE268 /* SelectEditionView.swift */ = {isa = PBXFileReference; lastKnownFileType = sourcecode.swift; path = SelectEditionView.swift; sourceTree = "<group>"; };
		8B9A838628861304009CE268 /* ExclusiveEditionView.swift */ = {isa = PBXFileReference; lastKnownFileType = sourcecode.swift; path = ExclusiveEditionView.swift; sourceTree = "<group>"; };
		8B9A838A28861C5B009CE268 /* DeluxeEditionView.swift */ = {isa = PBXFileReference; lastKnownFileType = sourcecode.swift; path = DeluxeEditionView.swift; sourceTree = "<group>"; };
		8B9A838C28861C6E009CE268 /* PremiumEditionView.swift */ = {isa = PBXFileReference; lastKnownFileType = sourcecode.swift; path = PremiumEditionView.swift; sourceTree = "<group>"; };
		8B9A838E28861C78009CE268 /* UltraEditionView.swift */ = {isa = PBXFileReference; lastKnownFileType = sourcecode.swift; path = UltraEditionView.swift; sourceTree = "<group>"; };
		8B9A8394288630F0009CE268 /* WishListView.swift */ = {isa = PBXFileReference; lastKnownFileType = sourcecode.swift; path = WishListView.swift; sourceTree = "<group>"; };
		8BB00EC3288E3D41001AE90A /* WebService.swift */ = {isa = PBXFileReference; lastKnownFileType = sourcecode.swift; path = WebService.swift; sourceTree = "<group>"; };
		8BB00EC6288E418E001AE90A /* AuthAPIModel.swift */ = {isa = PBXFileReference; lastKnownFileType = sourcecode.swift; path = AuthAPIModel.swift; sourceTree = "<group>"; };
		8BB00EC8288E4679001AE90A /* Store.swift */ = {isa = PBXFileReference; lastKnownFileType = sourcecode.swift; path = Store.swift; sourceTree = "<group>"; };
		8BE6111B28846E1700E8BDD6 /* AVKit.framework */ = {isa = PBXFileReference; lastKnownFileType = wrapper.framework; name = AVKit.framework; path = System/Library/Frameworks/AVKit.framework; sourceTree = SDKROOT; };
		8BE6111D28847B0C00E8BDD6 /* SkinData.json */ = {isa = PBXFileReference; lastKnownFileType = text.json; path = SkinData.json; sourceTree = "<group>"; };
		8BE6111F28847B9100E8BDD6 /* Skin.swift */ = {isa = PBXFileReference; lastKnownFileType = sourcecode.swift; path = Skin.swift; sourceTree = "<group>"; };
		8BF1DB472888B87F004491A1 /* Constants.swift */ = {isa = PBXFileReference; lastKnownFileType = sourcecode.swift; path = Constants.swift; sourceTree = "<group>"; };
		8BF4D7642885A298000404D8 /* SearchBar.swift */ = {isa = PBXFileReference; lastKnownFileType = sourcecode.swift; path = SearchBar.swift; sourceTree = "<group>"; };
		F844AC7228A01BF10009C0C0 /* en */ = {isa = PBXFileReference; lastKnownFileType = text.plist.strings; name = en; path = en.lproj/Localizable.strings; sourceTree = "<group>"; };
		F844AC7428A01C080009C0C0 /* fr-CA */ = {isa = PBXFileReference; lastKnownFileType = text.plist.strings; name = "fr-CA"; path = "fr-CA.lproj/Localizable.strings"; sourceTree = "<group>"; };
		F844AC7628A037970009C0C0 /* fr */ = {isa = PBXFileReference; lastKnownFileType = text.plist.strings; name = fr; path = fr.lproj/Localizable.strings; sourceTree = "<group>"; };
		F844AC7728A0528A0009C0C0 /* ValorantStoreChecker.entitlements */ = {isa = PBXFileReference; lastKnownFileType = text.plist.entitlements; path = ValorantStoreChecker.entitlements; sourceTree = "<group>"; };
/* End PBXFileReference section */

/* Begin PBXFrameworksBuildPhase section */
		8B29E1E82881C87D0081F69A /* Frameworks */ = {
			isa = PBXFrameworksBuildPhase;
			buildActionMask = 2147483647;
			files = (
				8B65F843288C9D94004282DD /* AZVideoPlayer in Frameworks */,
				8BAB20BE2897616D0041A5BB /* Keychain in Frameworks */,
				8BE6111C28846E1700E8BDD6 /* AVKit.framework in Frameworks */,
			);
			runOnlyForDeploymentPostprocessing = 0;
		};
/* End PBXFrameworksBuildPhase section */

/* Begin PBXGroup section */
		8B0AE9E828998D5100275A30 /* About */ = {
			isa = PBXGroup;
			children = (
				8B62AFD92883B53B0070173F /* AboutView.swift */,
				8B0AE9E928998E4200275A30 /* AccountView.swift */,
				8B0AE9EB28998E7600275A30 /* SupportView.swift */,
				8B0AE9ED28998E9400275A30 /* CommunityView.swift */,
				8B0AE9EF28998EAC00275A30 /* HelpView.swift */,
				8B0AE9F128998EC600275A30 /* AcknowledgementsView.swift */,
				8B4200892899E977000D7FC2 /* CopyrightView.swift */,
			);
			path = About;
			sourceTree = "<group>";
		};
		8B29E1E22881C87D0081F69A = {
			isa = PBXGroup;
			children = (
				8B29E1ED2881C87D0081F69A /* ValorantStoreChecker */,
				8B29E1EC2881C87D0081F69A /* Products */,
				8BE6111A28846E1700E8BDD6 /* Frameworks */,
			);
			sourceTree = "<group>";
		};
		8B29E1EC2881C87D0081F69A /* Products */ = {
			isa = PBXGroup;
			children = (
				8B29E1EB2881C87D0081F69A /* ValorantStoreChecker.app */,
			);
			name = Products;
			sourceTree = "<group>";
		};
		8B29E1ED2881C87D0081F69A /* ValorantStoreChecker */ = {
			isa = PBXGroup;
			children = (
				F844AC7728A0528A0009C0C0 /* ValorantStoreChecker.entitlements */,
				8B29E1EE2881C87D0081F69A /* ValorantStoreCheckerApp.swift */,
				8B280796289B4544004A3720 /* SplashScreenView.swift */,
				8B29E1FC2881C9850081F69A /* Views */,
				8B29E1FD2881C9890081F69A /* ViewModels */,
				8B29E1FE2881C99A0081F69A /* Models */,
				8B65F84E288CCFD6004282DD /* Utilities */,
				8B33A5C228846B5400BCB1F2 /* Ressources */,
				8B29E1F42881C8800081F69A /* Preview Content */,
			);
			path = ValorantStoreChecker;
			sourceTree = "<group>";
		};
		8B29E1F42881C8800081F69A /* Preview Content */ = {
			isa = PBXGroup;
			children = (
				8B29E1F52881C8800081F69A /* Preview Assets.xcassets */,
			);
			path = "Preview Content";
			sourceTree = "<group>";
		};
		8B29E1FC2881C9850081F69A /* Views */ = {
			isa = PBXGroup;
			children = (
				8B29E1F02881C87D0081F69A /* LaunchView.swift */,
				8B29E2012881CA440081F69A /* Onboarding */,
				8B62AFD82883B51F0070173F /* Home */,
				8B29E2042881CC890081F69A /* Commons */,
			);
			path = Views;
			sourceTree = "<group>";
		};
		8B29E1FD2881C9890081F69A /* ViewModels */ = {
			isa = PBXGroup;
			children = (
				8B29E1FF2881CA000081F69A /* SkinModel.swift */,
				8BB00EC6288E418E001AE90A /* AuthAPIModel.swift */,
				8BB00EC5288E416F001AE90A /* Services */,
			);
			path = ViewModels;
			sourceTree = "<group>";
		};
		8B29E1FE2881C99A0081F69A /* Models */ = {
			isa = PBXGroup;
			children = (
				8BE6111F28847B9100E8BDD6 /* Skin.swift */,
				8BB00EC8288E4679001AE90A /* Store.swift */,
				8B682C7F2890C176003A3B9C /* Authentication.swift */,
				8B682C812890C2BE003A3B9C /* Error.swift */,
			);
			path = Models;
			sourceTree = "<group>";
		};
		8B29E2012881CA440081F69A /* Onboarding */ = {
			isa = PBXGroup;
			children = (
				8B29E2022881CAEC0081F69A /* LoginView.swift */,
				8B3685CF2895BBD3000BB3CF /* LoginBoxView.swift */,
				8B3651532891DCCA00FE762E /* RegionSelectorView.swift */,
				8B0AE9E428984AFA00275A30 /* MultifactorView.swift */,
				8B4200872899E620000D7FC2 /* TermsView.swift */,
			);
			path = Onboarding;
			sourceTree = "<group>";
		};
		8B29E2042881CC890081F69A /* Commons */ = {
			isa = PBXGroup;
			children = (
				8B0AE9E22898390C00275A30 /* Blur.swift */,
				8B9A838028861097009CE268 /* Logo.swift */,
				8B65F849288CA608004282DD /* PriceTierView.swift */,
				8B9A8383288612AC009CE268 /* PriceTiers */,
				8B9A83822886129C009CE268 /* Shapes */,
			);
			path = Commons;
			sourceTree = "<group>";
		};
		8B33A5C228846B5400BCB1F2 /* Ressources */ = {
			isa = PBXGroup;
			children = (
				F844AC7328A01BF10009C0C0 /* Localizable.strings */,
				8BF1DB472888B87F004491A1 /* Constants.swift */,
				8B29E1F22881C8800081F69A /* Assets.xcassets */,
				8BE6111D28847B0C00E8BDD6 /* SkinData.json */,
				8B3685CD2894F3F8000BB3CF /* StorePrice.json */,
			);
			path = Ressources;
			sourceTree = "<group>";
		};
		8B62AFCD2883A0DC0070173F /* Shop */ = {
			isa = PBXGroup;
			children = (
				8B62AFCE2883A0FD0070173F /* ShopView.swift */,
				8B3685D12895D2D5000BB3CF /* ShopTopBarView.swift */,
				8B0AE9E62898A8B300275A30 /* ShopBottomBarView.swift */,
				8B3685D32895D576000BB3CF /* PullToRefreshView.swift */,
			);
			path = Shop;
			sourceTree = "<group>";
		};
		8B62AFD82883B51F0070173F /* Home */ = {
			isa = PBXGroup;
			children = (
				8B62AFD62883B4E10070173F /* HomeView.swift */,
				8B9A839028862439009CE268 /* Categories */,
			);
			path = Home;
			sourceTree = "<group>";
		};
		8B65F84E288CCFD6004282DD /* Utilities */ = {
			isa = PBXGroup;
			children = (
				8B65F84F288CCFF0004282DD /* PriceTier.swift */,
			);
			path = Utilities;
			sourceTree = "<group>";
		};
		8B9A83822886129C009CE268 /* Shapes */ = {
			isa = PBXGroup;
			children = (
				8B29E20B2881D6D30081F69A /* CircleView.swift */,
				8B29E2072881CCD10081F69A /* RectangleView.swift */,
			);
			path = Shapes;
			sourceTree = "<group>";
		};
		8B9A8383288612AC009CE268 /* PriceTiers */ = {
			isa = PBXGroup;
			children = (
				8B9A8384288612DD009CE268 /* SelectEditionView.swift */,
				8B9A838A28861C5B009CE268 /* DeluxeEditionView.swift */,
				8B9A838C28861C6E009CE268 /* PremiumEditionView.swift */,
				8B9A838E28861C78009CE268 /* UltraEditionView.swift */,
				8B9A838628861304009CE268 /* ExclusiveEditionView.swift */,
			);
			path = PriceTiers;
			sourceTree = "<group>";
		};
		8B9A839028862439009CE268 /* Categories */ = {
			isa = PBXGroup;
			children = (
				8B62AFCD2883A0DC0070173F /* Shop */,
				8BF4D761288594E5000404D8 /* SkinList */,
				8B0AE9E828998D5100275A30 /* About */,
				8B9A8393288630D8009CE268 /* WishList */,
			);
			path = Categories;
			sourceTree = "<group>";
		};
		8B9A8393288630D8009CE268 /* WishList */ = {
			isa = PBXGroup;
			children = (
				8B9A8394288630F0009CE268 /* WishListView.swift */,
			);
			path = WishList;
			sourceTree = "<group>";
		};
		8BB00EC5288E416F001AE90A /* Services */ = {
			isa = PBXGroup;
			children = (
				8BB00EC3288E3D41001AE90A /* WebService.swift */,
			);
			path = Services;
			sourceTree = "<group>";
		};
		8BE6111A28846E1700E8BDD6 /* Frameworks */ = {
			isa = PBXGroup;
			children = (
				8BE6111B28846E1700E8BDD6 /* AVKit.framework */,
			);
			name = Frameworks;
			sourceTree = "<group>";
		};
		8BF4D761288594E5000404D8 /* SkinList */ = {
			isa = PBXGroup;
			children = (
				8B9A83742885A426009CE268 /* SkinListView.swift */,
				8B62AFD02883A1230070173F /* SkinCardView.swift */,
				8B33A5BE2884687C00BCB1F2 /* SkinCardDetailView.swift */,
				8BF4D7642885A298000404D8 /* SearchBar.swift */,
			);
			path = SkinList;
			sourceTree = "<group>";
		};
/* End PBXGroup section */

/* Begin PBXNativeTarget section */
		8B29E1EA2881C87D0081F69A /* ValorantStoreChecker */ = {
			isa = PBXNativeTarget;
			buildConfigurationList = 8B29E1F92881C8800081F69A /* Build configuration list for PBXNativeTarget "ValorantStoreChecker" */;
			buildPhases = (
				8B29E1E72881C87D0081F69A /* Sources */,
				8B29E1E82881C87D0081F69A /* Frameworks */,
				8B29E1E92881C87D0081F69A /* Resources */,
			);
			buildRules = (
			);
			dependencies = (
			);
			name = ValorantStoreChecker;
			packageProductDependencies = (
				8B65F842288C9D94004282DD /* AZVideoPlayer */,
				8BAB20BD2897616D0041A5BB /* Keychain */,
			);
			productName = ValorantStoreChecker;
			productReference = 8B29E1EB2881C87D0081F69A /* ValorantStoreChecker.app */;
			productType = "com.apple.product-type.application";
		};
/* End PBXNativeTarget section */

/* Begin PBXProject section */
		8B29E1E32881C87D0081F69A /* Project object */ = {
			isa = PBXProject;
			attributes = {
				BuildIndependentTargetsInParallel = 1;
				LastSwiftUpdateCheck = 1340;
				LastUpgradeCheck = 1340;
				TargetAttributes = {
					8B29E1EA2881C87D0081F69A = {
						CreatedOnToolsVersion = 13.4.1;
					};
				};
			};
			buildConfigurationList = 8B29E1E62881C87D0081F69A /* Build configuration list for PBXProject "ValorantStoreChecker" */;
			compatibilityVersion = "Xcode 13.0";
			developmentRegion = en;
			hasScannedForEncodings = 0;
			knownRegions = (
				en,
				Base,
				"fr-CA",
				fr,
			);
			mainGroup = 8B29E1E22881C87D0081F69A;
			packageReferences = (
				8B65F841288C9D94004282DD /* XCRemoteSwiftPackageReference "AZVideoPlayer" */,
				8BAB20BC2897616D0041A5BB /* XCRemoteSwiftPackageReference "Keychain" */,
			);
			productRefGroup = 8B29E1EC2881C87D0081F69A /* Products */;
			projectDirPath = "";
			projectRoot = "";
			targets = (
				8B29E1EA2881C87D0081F69A /* ValorantStoreChecker */,
			);
		};
/* End PBXProject section */

/* Begin PBXResourcesBuildPhase section */
		8B29E1E92881C87D0081F69A /* Resources */ = {
			isa = PBXResourcesBuildPhase;
			buildActionMask = 2147483647;
			files = (
				F844AC7128A01BF10009C0C0 /* Localizable.strings in Resources */,
				8B29E1F62881C8800081F69A /* Preview Assets.xcassets in Resources */,
				8B3685CE2894F3F8000BB3CF /* StorePrice.json in Resources */,
				8BE6111E28847B0C00E8BDD6 /* SkinData.json in Resources */,
				8B29E1F32881C8800081F69A /* Assets.xcassets in Resources */,
			);
			runOnlyForDeploymentPostprocessing = 0;
		};
/* End PBXResourcesBuildPhase section */

/* Begin PBXSourcesBuildPhase section */
		8B29E1E72881C87D0081F69A /* Sources */ = {
			isa = PBXSourcesBuildPhase;
			buildActionMask = 2147483647;
			files = (
				8BB00EC4288E3D41001AE90A /* WebService.swift in Sources */,
				8B280797289B4544004A3720 /* SplashScreenView.swift in Sources */,
				8B29E1F12881C87D0081F69A /* LaunchView.swift in Sources */,
				8B65F850288CCFF0004282DD /* PriceTier.swift in Sources */,
				8BF1DB482888B87F004491A1 /* Constants.swift in Sources */,
				8B9A838B28861C5B009CE268 /* DeluxeEditionView.swift in Sources */,
				8B9A8385288612DD009CE268 /* SelectEditionView.swift in Sources */,
				8B0AE9E32898390C00275A30 /* Blur.swift in Sources */,
				8B3685D42895D576000BB3CF /* PullToRefreshView.swift in Sources */,
				8B29E1EF2881C87D0081F69A /* ValorantStoreCheckerApp.swift in Sources */,
				8BF4D7652885A298000404D8 /* SearchBar.swift in Sources */,
				8BB00EC7288E418E001AE90A /* AuthAPIModel.swift in Sources */,
				8B29E2032881CAEC0081F69A /* LoginView.swift in Sources */,
				8B33A5BF2884687C00BCB1F2 /* SkinCardDetailView.swift in Sources */,
				8B0AE9F028998EAC00275A30 /* HelpView.swift in Sources */,
				8B0AE9E72898A8B300275A30 /* ShopBottomBarView.swift in Sources */,
				8B9A838728861304009CE268 /* ExclusiveEditionView.swift in Sources */,
				8B3685D22895D2D5000BB3CF /* ShopTopBarView.swift in Sources */,
				8B0AE9EA28998E4200275A30 /* AccountView.swift in Sources */,
				8B682C822890C2BE003A3B9C /* Error.swift in Sources */,
				8B3685D02895BBD3000BB3CF /* LoginBoxView.swift in Sources */,
				8B9A8395288630F0009CE268 /* WishListView.swift in Sources */,
				8B42008A2899E977000D7FC2 /* CopyrightView.swift in Sources */,
				8BB00EC9288E4679001AE90A /* Store.swift in Sources */,
				8B9A838128861097009CE268 /* Logo.swift in Sources */,
				8BE6112028847B9100E8BDD6 /* Skin.swift in Sources */,
				8B62AFD72883B4E10070173F /* HomeView.swift in Sources */,
				8B29E2002881CA000081F69A /* SkinModel.swift in Sources */,
				8B3651542891DCCA00FE762E /* RegionSelectorView.swift in Sources */,
				8B62AFD12883A1230070173F /* SkinCardView.swift in Sources */,
				8B9A838D28861C6E009CE268 /* PremiumEditionView.swift in Sources */,
				8B0AE9EC28998E7600275A30 /* SupportView.swift in Sources */,
				8B62AFCF2883A0FD0070173F /* ShopView.swift in Sources */,
				8B682C802890C176003A3B9C /* Authentication.swift in Sources */,
				8B29E20C2881D6D30081F69A /* CircleView.swift in Sources */,
				8B0AE9F228998EC600275A30 /* AcknowledgementsView.swift in Sources */,
				8B4200882899E620000D7FC2 /* TermsView.swift in Sources */,
				8B0AE9EE28998E9400275A30 /* CommunityView.swift in Sources */,
				8B0AE9E528984AFA00275A30 /* MultifactorView.swift in Sources */,
				8B9A838F28861C78009CE268 /* UltraEditionView.swift in Sources */,
				8B65F84A288CA608004282DD /* PriceTierView.swift in Sources */,
				8B29E2082881CCD10081F69A /* RectangleView.swift in Sources */,
				8B9A83752885A426009CE268 /* SkinListView.swift in Sources */,
				8B62AFDA2883B53B0070173F /* AboutView.swift in Sources */,
			);
			runOnlyForDeploymentPostprocessing = 0;
		};
/* End PBXSourcesBuildPhase section */

/* Begin PBXVariantGroup section */
		F844AC7328A01BF10009C0C0 /* Localizable.strings */ = {
			isa = PBXVariantGroup;
			children = (
				F844AC7228A01BF10009C0C0 /* en */,
				F844AC7428A01C080009C0C0 /* fr-CA */,
				F844AC7628A037970009C0C0 /* fr */,
			);
			name = Localizable.strings;
			sourceTree = "<group>";
		};
/* End PBXVariantGroup section */

/* Begin XCBuildConfiguration section */
		8B29E1F72881C8800081F69A /* Debug */ = {
			isa = XCBuildConfiguration;
			buildSettings = {
				ALWAYS_SEARCH_USER_PATHS = NO;
				CLANG_ANALYZER_NONNULL = YES;
				CLANG_ANALYZER_NUMBER_OBJECT_CONVERSION = YES_AGGRESSIVE;
				CLANG_CXX_LANGUAGE_STANDARD = "gnu++17";
				CLANG_ENABLE_MODULES = YES;
				CLANG_ENABLE_OBJC_ARC = YES;
				CLANG_ENABLE_OBJC_WEAK = YES;
				CLANG_WARN_BLOCK_CAPTURE_AUTORELEASING = YES;
				CLANG_WARN_BOOL_CONVERSION = YES;
				CLANG_WARN_COMMA = YES;
				CLANG_WARN_CONSTANT_CONVERSION = YES;
				CLANG_WARN_DEPRECATED_OBJC_IMPLEMENTATIONS = YES;
				CLANG_WARN_DIRECT_OBJC_ISA_USAGE = YES_ERROR;
				CLANG_WARN_DOCUMENTATION_COMMENTS = YES;
				CLANG_WARN_EMPTY_BODY = YES;
				CLANG_WARN_ENUM_CONVERSION = YES;
				CLANG_WARN_INFINITE_RECURSION = YES;
				CLANG_WARN_INT_CONVERSION = YES;
				CLANG_WARN_NON_LITERAL_NULL_CONVERSION = YES;
				CLANG_WARN_OBJC_IMPLICIT_RETAIN_SELF = YES;
				CLANG_WARN_OBJC_LITERAL_CONVERSION = YES;
				CLANG_WARN_OBJC_ROOT_CLASS = YES_ERROR;
				CLANG_WARN_QUOTED_INCLUDE_IN_FRAMEWORK_HEADER = YES;
				CLANG_WARN_RANGE_LOOP_ANALYSIS = YES;
				CLANG_WARN_STRICT_PROTOTYPES = YES;
				CLANG_WARN_SUSPICIOUS_MOVE = YES;
				CLANG_WARN_UNGUARDED_AVAILABILITY = YES_AGGRESSIVE;
				CLANG_WARN_UNREACHABLE_CODE = YES;
				CLANG_WARN__DUPLICATE_METHOD_MATCH = YES;
				COPY_PHASE_STRIP = NO;
				DEBUG_INFORMATION_FORMAT = dwarf;
				ENABLE_STRICT_OBJC_MSGSEND = YES;
				ENABLE_TESTABILITY = YES;
				GCC_C_LANGUAGE_STANDARD = gnu11;
				GCC_DYNAMIC_NO_PIC = NO;
				GCC_NO_COMMON_BLOCKS = YES;
				GCC_OPTIMIZATION_LEVEL = 0;
				GCC_PREPROCESSOR_DEFINITIONS = (
					"DEBUG=1",
					"$(inherited)",
				);
				GCC_WARN_64_TO_32_BIT_CONVERSION = YES;
				GCC_WARN_ABOUT_RETURN_TYPE = YES_ERROR;
				GCC_WARN_UNDECLARED_SELECTOR = YES;
				GCC_WARN_UNINITIALIZED_AUTOS = YES_AGGRESSIVE;
				GCC_WARN_UNUSED_FUNCTION = YES;
				GCC_WARN_UNUSED_VARIABLE = YES;
				IPHONEOS_DEPLOYMENT_TARGET = 15.0;
				MTL_ENABLE_DEBUG_INFO = INCLUDE_SOURCE;
				MTL_FAST_MATH = YES;
				ONLY_ACTIVE_ARCH = YES;
				SDKROOT = iphoneos;
				SWIFT_ACTIVE_COMPILATION_CONDITIONS = DEBUG;
				SWIFT_OPTIMIZATION_LEVEL = "-Onone";
			};
			name = Debug;
		};
		8B29E1F82881C8800081F69A /* Release */ = {
			isa = XCBuildConfiguration;
			buildSettings = {
				ALWAYS_SEARCH_USER_PATHS = NO;
				CLANG_ANALYZER_NONNULL = YES;
				CLANG_ANALYZER_NUMBER_OBJECT_CONVERSION = YES_AGGRESSIVE;
				CLANG_CXX_LANGUAGE_STANDARD = "gnu++17";
				CLANG_ENABLE_MODULES = YES;
				CLANG_ENABLE_OBJC_ARC = YES;
				CLANG_ENABLE_OBJC_WEAK = YES;
				CLANG_WARN_BLOCK_CAPTURE_AUTORELEASING = YES;
				CLANG_WARN_BOOL_CONVERSION = YES;
				CLANG_WARN_COMMA = YES;
				CLANG_WARN_CONSTANT_CONVERSION = YES;
				CLANG_WARN_DEPRECATED_OBJC_IMPLEMENTATIONS = YES;
				CLANG_WARN_DIRECT_OBJC_ISA_USAGE = YES_ERROR;
				CLANG_WARN_DOCUMENTATION_COMMENTS = YES;
				CLANG_WARN_EMPTY_BODY = YES;
				CLANG_WARN_ENUM_CONVERSION = YES;
				CLANG_WARN_INFINITE_RECURSION = YES;
				CLANG_WARN_INT_CONVERSION = YES;
				CLANG_WARN_NON_LITERAL_NULL_CONVERSION = YES;
				CLANG_WARN_OBJC_IMPLICIT_RETAIN_SELF = YES;
				CLANG_WARN_OBJC_LITERAL_CONVERSION = YES;
				CLANG_WARN_OBJC_ROOT_CLASS = YES_ERROR;
				CLANG_WARN_QUOTED_INCLUDE_IN_FRAMEWORK_HEADER = YES;
				CLANG_WARN_RANGE_LOOP_ANALYSIS = YES;
				CLANG_WARN_STRICT_PROTOTYPES = YES;
				CLANG_WARN_SUSPICIOUS_MOVE = YES;
				CLANG_WARN_UNGUARDED_AVAILABILITY = YES_AGGRESSIVE;
				CLANG_WARN_UNREACHABLE_CODE = YES;
				CLANG_WARN__DUPLICATE_METHOD_MATCH = YES;
				COPY_PHASE_STRIP = NO;
				DEBUG_INFORMATION_FORMAT = "dwarf-with-dsym";
				ENABLE_NS_ASSERTIONS = NO;
				ENABLE_STRICT_OBJC_MSGSEND = YES;
				GCC_C_LANGUAGE_STANDARD = gnu11;
				GCC_NO_COMMON_BLOCKS = YES;
				GCC_WARN_64_TO_32_BIT_CONVERSION = YES;
				GCC_WARN_ABOUT_RETURN_TYPE = YES_ERROR;
				GCC_WARN_UNDECLARED_SELECTOR = YES;
				GCC_WARN_UNINITIALIZED_AUTOS = YES_AGGRESSIVE;
				GCC_WARN_UNUSED_FUNCTION = YES;
				GCC_WARN_UNUSED_VARIABLE = YES;
				IPHONEOS_DEPLOYMENT_TARGET = 15.0;
				MTL_ENABLE_DEBUG_INFO = NO;
				MTL_FAST_MATH = YES;
				SDKROOT = iphoneos;
				SWIFT_COMPILATION_MODE = wholemodule;
				SWIFT_OPTIMIZATION_LEVEL = "-O";
				VALIDATE_PRODUCT = YES;
			};
			name = Release;
		};
		8B29E1FA2881C8800081F69A /* Debug */ = {
			isa = XCBuildConfiguration;
			buildSettings = {
				ASSETCATALOG_COMPILER_APPICON_NAME = AppIcon;
				ASSETCATALOG_COMPILER_GLOBAL_ACCENT_COLOR_NAME = AccentColor;
				CODE_SIGN_ENTITLEMENTS = ValorantStoreChecker/ValorantStoreChecker.entitlements;
				CODE_SIGN_STYLE = Automatic;
				CURRENT_PROJECT_VERSION = 2;
				DEVELOPMENT_ASSET_PATHS = "\"ValorantStoreChecker/Preview Content\"";
				DEVELOPMENT_TEAM = 56W5CBC8F4;
				ENABLE_PREVIEWS = YES;
				GENERATE_INFOPLIST_FILE = YES;
				INFOPLIST_FILE = ValorantStoreChecker/Info.plist;
				INFOPLIST_KEY_CFBundleDisplayName = VSC;
				INFOPLIST_KEY_LSApplicationCategoryType = "public.app-category.reference";
				INFOPLIST_KEY_UIApplicationSceneManifest_Generation = YES;
				INFOPLIST_KEY_UIApplicationSupportsIndirectInputEvents = YES;
				INFOPLIST_KEY_UILaunchScreen_Generation = YES;
				INFOPLIST_KEY_UILaunchStoryboardName = LaunchScreen;
				INFOPLIST_KEY_UISupportedInterfaceOrientations = UIInterfaceOrientationPortrait;
				INFOPLIST_KEY_UISupportedInterfaceOrientations_iPad = "UIInterfaceOrientationPortrait UIInterfaceOrientationPortraitUpsideDown UIInterfaceOrientationLandscapeLeft UIInterfaceOrientationLandscapeRight";
				INFOPLIST_KEY_UISupportedInterfaceOrientations_iPhone = UIInterfaceOrientationPortrait;
				LD_RUNPATH_SEARCH_PATHS = (
					"$(inherited)",
					"@executable_path/Frameworks",
				);
				MARKETING_VERSION = 1.1.5;
				PRODUCT_BUNDLE_IDENTIFIER = com.solounity.ValorantStoreChecker;
				PRODUCT_NAME = "$(TARGET_NAME)";
				SUPPORTED_PLATFORMS = "iphoneos iphonesimulator";
				SUPPORTS_MACCATALYST = NO;
				SUPPORTS_MAC_DESIGNED_FOR_IPHONE_IPAD = YES;
				SWIFT_EMIT_LOC_STRINGS = YES;
				SWIFT_VERSION = 5.0;
				TARGETED_DEVICE_FAMILY = 1;
			};
			name = Debug;
		};
		8B29E1FB2881C8800081F69A /* Release */ = {
			isa = XCBuildConfiguration;
			buildSettings = {
				ASSETCATALOG_COMPILER_APPICON_NAME = AppIcon;
				ASSETCATALOG_COMPILER_GLOBAL_ACCENT_COLOR_NAME = AccentColor;
				CODE_SIGN_ENTITLEMENTS = ValorantStoreChecker/ValorantStoreChecker.entitlements;
				CODE_SIGN_STYLE = Automatic;
				CURRENT_PROJECT_VERSION = 2;
				DEVELOPMENT_ASSET_PATHS = "\"ValorantStoreChecker/Preview Content\"";
				DEVELOPMENT_TEAM = 56W5CBC8F4;
				ENABLE_PREVIEWS = YES;
				GENERATE_INFOPLIST_FILE = YES;
				INFOPLIST_FILE = ValorantStoreChecker/Info.plist;
				INFOPLIST_KEY_CFBundleDisplayName = VSC;
				INFOPLIST_KEY_LSApplicationCategoryType = "public.app-category.reference";
				INFOPLIST_KEY_UIApplicationSceneManifest_Generation = YES;
				INFOPLIST_KEY_UIApplicationSupportsIndirectInputEvents = YES;
				INFOPLIST_KEY_UILaunchScreen_Generation = YES;
				INFOPLIST_KEY_UILaunchStoryboardName = LaunchScreen;
				INFOPLIST_KEY_UISupportedInterfaceOrientations = UIInterfaceOrientationPortrait;
				INFOPLIST_KEY_UISupportedInterfaceOrientations_iPad = "UIInterfaceOrientationPortrait UIInterfaceOrientationPortraitUpsideDown UIInterfaceOrientationLandscapeLeft UIInterfaceOrientationLandscapeRight";
				INFOPLIST_KEY_UISupportedInterfaceOrientations_iPhone = UIInterfaceOrientationPortrait;
				LD_RUNPATH_SEARCH_PATHS = (
					"$(inherited)",
					"@executable_path/Frameworks",
				);
				MARKETING_VERSION = 1.1.5;
				PRODUCT_BUNDLE_IDENTIFIER = com.solounity.ValorantStoreChecker;
				PRODUCT_NAME = "$(TARGET_NAME)";
				SUPPORTED_PLATFORMS = "iphoneos iphonesimulator";
				SUPPORTS_MACCATALYST = NO;
				SUPPORTS_MAC_DESIGNED_FOR_IPHONE_IPAD = YES;
				SWIFT_EMIT_LOC_STRINGS = YES;
				SWIFT_VERSION = 5.0;
				TARGETED_DEVICE_FAMILY = 1;
			};
			name = Release;
		};
/* End XCBuildConfiguration section */

/* Begin XCConfigurationList section */
		8B29E1E62881C87D0081F69A /* Build configuration list for PBXProject "ValorantStoreChecker" */ = {
			isa = XCConfigurationList;
			buildConfigurations = (
				8B29E1F72881C8800081F69A /* Debug */,
				8B29E1F82881C8800081F69A /* Release */,
			);
			defaultConfigurationIsVisible = 0;
			defaultConfigurationName = Release;
		};
		8B29E1F92881C8800081F69A /* Build configuration list for PBXNativeTarget "ValorantStoreChecker" */ = {
			isa = XCConfigurationList;
			buildConfigurations = (
				8B29E1FA2881C8800081F69A /* Debug */,
				8B29E1FB2881C8800081F69A /* Release */,
			);
			defaultConfigurationIsVisible = 0;
			defaultConfigurationName = Release;
		};
/* End XCConfigurationList section */

/* Begin XCRemoteSwiftPackageReference section */
		8B65F841288C9D94004282DD /* XCRemoteSwiftPackageReference "AZVideoPlayer" */ = {
			isa = XCRemoteSwiftPackageReference;
			repositoryURL = "https://github.com/adamzarn/AZVideoPlayer";
			requirement = {
				branch = main;
				kind = branch;
			};
		};
		8BAB20BC2897616D0041A5BB /* XCRemoteSwiftPackageReference "Keychain" */ = {
			isa = XCRemoteSwiftPackageReference;
			repositoryURL = "https://github.com/GroupeMINASTE/Keychain.swift";
			requirement = {
				branch = master;
				kind = branch;
			};
		};
/* End XCRemoteSwiftPackageReference section */

/* Begin XCSwiftPackageProductDependency section */
		8B65F842288C9D94004282DD /* AZVideoPlayer */ = {
			isa = XCSwiftPackageProductDependency;
			package = 8B65F841288C9D94004282DD /* XCRemoteSwiftPackageReference "AZVideoPlayer" */;
			productName = AZVideoPlayer;
		};
		8BAB20BD2897616D0041A5BB /* Keychain */ = {
			isa = XCSwiftPackageProductDependency;
			package = 8BAB20BC2897616D0041A5BB /* XCRemoteSwiftPackageReference "Keychain" */;
			productName = Keychain;
		};
/* End XCSwiftPackageProductDependency section */
	};
	rootObject = 8B29E1E32881C87D0081F69A /* Project object */;
}
