{
  "pins" : [
    {
      "identity" : "azvideoplayer",
      "kind" : "remoteSourceControl",
      "location" : "https://github.com/adamzarn/AZVideoPlayer",
      "state" : {
        "branch" : "main",
        "revision" : "1969f9f637d9b083abece0253695e5ea3d7adc48"
      }
    },
    {
      "identity" : "keychain.swift",
      "kind" : "remoteSourceControl",
      "location" : "https://github.com/GroupeMINASTE/Keychain.swift",
      "state" : {
        "branch" : "master",
        "revision" : "d4b6bd007fd8432a59d341faa22ec0cd738d2d9d"
      }
    }
  ],
  "version" : 2
}
